
Microsoft Visual Studio Solution File, Format Version 11.00
# Visual Studio 2010
Project("{FAE04EC0-301F-11D3-BF4B-00C04F79EFBC}") = "UnityEngine.UI", "UnityEngine.UI.csproj", "{5fa38f9c-0716-3e31-3183-3a7dcde6b2c9}"
EndProject
Project("{FAE04EC0-301F-11D3-BF4B-00C04F79EFBC}") = "Assembly-CSharp", "Assembly-CSharp.csproj", "{69019a39-f316-d350-c306-a9e46b56fc90}"
EndProject
Project("{FAE04EC0-301F-11D3-BF4B-00C04F79EFBC}") = "UnityEditor.UI", "UnityEditor.UI.csproj", "{ec53575e-1dee-432e-b1fb-94b408ad1291}"
EndProject
Global
	GlobalSection(SolutionConfigurationPlatforms) = preSolution
		Debug|Any CPU = Debug|Any CPU
	EndGlobalSection
	GlobalSection(ProjectConfigurationPlatforms) = postSolution
		{5fa38f9c-0716-3e31-3183-3a7dcde6b2c9}.Debug|Any CPU.ActiveCfg = Debug|Any CPU
		{5fa38f9c-0716-3e31-3183-3a7dcde6b2c9}.Debug|Any CPU.Build.0 = Debug|Any CPU
		{69019a39-f316-d350-c306-a9e46b56fc90}.Debug|Any CPU.ActiveCfg = Debug|Any CPU
		{69019a39-f316-d350-c306-a9e46b56fc90}.Debug|Any CPU.Build.0 = Debug|Any CPU
		{ec53575e-1dee-432e-b1fb-94b408ad1291}.Debug|Any CPU.ActiveCfg = Debug|Any CPU
		{ec53575e-1dee-432e-b1fb-94b408ad1291}.Debug|Any CPU.Build.0 = Debug|Any CPU
	EndGlobalSection
	GlobalSection(SolutionProperties) = preSolution
		HideSolutionNode = FALSE
	EndGlobalSection
EndGlobal
